// !$*UTF8*$!
{
	archiveVersion = 1;
	classes = {
	};
	objectVersion = 51;
	objects = {

/* Begin PBXBuildFile section */
		2E17C5AD26CF956200AE335F /* AppDelegate.swift in Sources */ = {isa = PBXBuildFile; fileRef = 2E17C5AC26CF956200AE335F /* AppDelegate.swift */; };
		2E17C5AF26CF956200AE335F /* SceneDelegate.swift in Sources */ = {isa = PBXBuildFile; fileRef = 2E17C5AE26CF956200AE335F /* SceneDelegate.swift */; };
		2E17C5B426CF956200AE335F /* Main.storyboard in Resources */ = {isa = PBXBuildFile; fileRef = 2E17C5B226CF956200AE335F /* Main.storyboard */; };
		2E17C5B726CF956200AE335F /* Guava.xcdatamodeld in Sources */ = {isa = PBXBuildFile; fileRef = 2E17C5B526CF956200AE335F /* Guava.xcdatamodeld */; };
		2E17C5B926CF956400AE335F /* Assets.xcassets in Resources */ = {isa = PBXBuildFile; fileRef = 2E17C5B826CF956400AE335F /* Assets.xcassets */; };
		2E17C5BC26CF956400AE335F /* LaunchScreen.storyboard in Resources */ = {isa = PBXBuildFile; fileRef = 2E17C5BA26CF956400AE335F /* LaunchScreen.storyboard */; };
		2E17C5C426D0938D00AE335F /* Diary.MD in Resources */ = {isa = PBXBuildFile; fileRef = 2E17C5C326D0938D00AE335F /* Diary.MD */; };
		2EC348D526D0D75700CAA637 /* HomeVC.swift in Sources */ = {isa = PBXBuildFile; fileRef = 2EC348D426D0D75700CAA637 /* HomeVC.swift */; };
		2EC348D926D109D500CAA637 /* FollowVC.swift in Sources */ = {isa = PBXBuildFile; fileRef = 2EC348D826D109D500CAA637 /* FollowVC.swift */; };
		2EC348DB26D10A0500CAA637 /* DiscoveryVC.swift in Sources */ = {isa = PBXBuildFile; fileRef = 2EC348DA26D10A0500CAA637 /* DiscoveryVC.swift */; };
		2EC348DD26D10A3C00CAA637 /* NearByVC.swift in Sources */ = {isa = PBXBuildFile; fileRef = 2EC348DC26D10A3C00CAA637 /* NearByVC.swift */; };
		2EC348DF26D1120F00CAA637 /* Constants.swift in Sources */ = {isa = PBXBuildFile; fileRef = 2EC348DE26D1120F00CAA637 /* Constants.swift */; };
		2EC348E226D2242F00CAA637 /* WaterfallVC.swift in Sources */ = {isa = PBXBuildFile; fileRef = 2EC348E126D2242F00CAA637 /* WaterfallVC.swift */; };
		2EC348E426D22C1000CAA637 /* WaterfallCell.swift in Sources */ = {isa = PBXBuildFile; fileRef = 2EC348E326D22C1000CAA637 /* WaterfallCell.swift */; };
		2EC348F626D2991200CAA637 /* Localizable.strings in Resources */ = {isa = PBXBuildFile; fileRef = 2EC348F426D2991200CAA637 /* Localizable.strings */; };
		2EC348FA26D29DA200CAA637 /* InfoPlist.strings in Resources */ = {isa = PBXBuildFile; fileRef = 2EC348FC26D29DA200CAA637 /* InfoPlist.strings */; };
		2EC348FF26D2AF6700CAA637 /* TabBarC.swift in Sources */ = {isa = PBXBuildFile; fileRef = 2EC348FE26D2AF6700CAA637 /* TabBarC.swift */; };
		2EC3490126D2B19200CAA637 /* PostVC.swift in Sources */ = {isa = PBXBuildFile; fileRef = 2EC3490026D2B19200CAA637 /* PostVC.swift */; };
		2EC3490326D3723E00CAA637 /* Extensions.swift in Sources */ = {isa = PBXBuildFile; fileRef = 2EC3490226D3723E00CAA637 /* Extensions.swift */; };
		2EC3490826D6863E00CAA637 /* NoteEditVC.swift in Sources */ = {isa = PBXBuildFile; fileRef = 2EC3490726D6863D00CAA637 /* NoteEditVC.swift */; };
		2EC3490A26D7AE4600CAA637 /* PhotoCell.swift in Sources */ = {isa = PBXBuildFile; fileRef = 2EC3490926D7AE4600CAA637 /* PhotoCell.swift */; };
		2EC3490D26D9040800CAA637 /* PhotoFooter.swift in Sources */ = {isa = PBXBuildFile; fileRef = 2EC3490C26D9040800CAA637 /* PhotoFooter.swift */; };
		2EC3491126DA7B8000CAA637 /* testVideo.mp4 in Resources */ = {isa = PBXBuildFile; fileRef = 2EC3491026DA7A1800CAA637 /* testVideo.mp4 */; };
		2EC3491326DA837B00CAA637 /* NoteEditVC-DragDrop.swift in Sources */ = {isa = PBXBuildFile; fileRef = 2EC3491226DA837B00CAA637 /* NoteEditVC-DragDrop.swift */; };
		6BBCA0A7FAC2BEB1B5843C81 /* Pods_Guava.framework in Frameworks */ = {isa = PBXBuildFile; fileRef = F88842F55AA7CA6BB058A467 /* Pods_Guava.framework */; };
/* End PBXBuildFile section */

/* Begin PBXFileReference section */
		0281AB15334B50D2665EDC1E /* Pods-Guava.release.xcconfig */ = {isa = PBXFileReference; includeInIndex = 1; lastKnownFileType = text.xcconfig; name = "Pods-Guava.release.xcconfig"; path = "Target Support Files/Pods-Guava/Pods-Guava.release.xcconfig"; sourceTree = "<group>"; };
		2E17C5A926CF956200AE335F /* Guava.app */ = {isa = PBXFileReference; explicitFileType = wrapper.application; includeInIndex = 0; path = Guava.app; sourceTree = BUILT_PRODUCTS_DIR; };
		2E17C5AC26CF956200AE335F /* AppDelegate.swift */ = {isa = PBXFileReference; lastKnownFileType = sourcecode.swift; path = AppDelegate.swift; sourceTree = "<group>"; };
		2E17C5AE26CF956200AE335F /* SceneDelegate.swift */ = {isa = PBXFileReference; lastKnownFileType = sourcecode.swift; path = SceneDelegate.swift; sourceTree = "<group>"; };
		2E17C5B326CF956200AE335F /* Base */ = {isa = PBXFileReference; lastKnownFileType = file.storyboard; name = Base; path = Base.lproj/Main.storyboard; sourceTree = "<group>"; };
		2E17C5B626CF956200AE335F /* Guava.xcdatamodel */ = {isa = PBXFileReference; lastKnownFileType = wrapper.xcdatamodel; path = Guava.xcdatamodel; sourceTree = "<group>"; };
		2E17C5B826CF956400AE335F /* Assets.xcassets */ = {isa = PBXFileReference; lastKnownFileType = folder.assetcatalog; path = Assets.xcassets; sourceTree = "<group>"; };
		2E17C5BB26CF956400AE335F /* Base */ = {isa = PBXFileReference; lastKnownFileType = file.storyboard; name = Base; path = Base.lproj/LaunchScreen.storyboard; sourceTree = "<group>"; };
		2E17C5BD26CF956400AE335F /* Info.plist */ = {isa = PBXFileReference; lastKnownFileType = text.plist.xml; path = Info.plist; sourceTree = "<group>"; };
		2E17C5C326D0938D00AE335F /* Diary.MD */ = {isa = PBXFileReference; lastKnownFileType = net.daringfireball.markdown; path = Diary.MD; sourceTree = "<group>"; };
		2EC348D426D0D75700CAA637 /* HomeVC.swift */ = {isa = PBXFileReference; lastKnownFileType = sourcecode.swift; path = HomeVC.swift; sourceTree = "<group>"; };
		2EC348D826D109D500CAA637 /* FollowVC.swift */ = {isa = PBXFileReference; lastKnownFileType = sourcecode.swift; path = FollowVC.swift; sourceTree = "<group>"; };
		2EC348DA26D10A0500CAA637 /* DiscoveryVC.swift */ = {isa = PBXFileReference; lastKnownFileType = sourcecode.swift; path = DiscoveryVC.swift; sourceTree = "<group>"; };
		2EC348DC26D10A3C00CAA637 /* NearByVC.swift */ = {isa = PBXFileReference; lastKnownFileType = sourcecode.swift; path = NearByVC.swift; sourceTree = "<group>"; };
		2EC348DE26D1120F00CAA637 /* Constants.swift */ = {isa = PBXFileReference; lastKnownFileType = sourcecode.swift; path = Constants.swift; sourceTree = "<group>"; };
		2EC348E126D2242F00CAA637 /* WaterfallVC.swift */ = {isa = PBXFileReference; lastKnownFileType = sourcecode.swift; path = WaterfallVC.swift; sourceTree = "<group>"; };
		2EC348E326D22C1000CAA637 /* WaterfallCell.swift */ = {isa = PBXFileReference; lastKnownFileType = sourcecode.swift; path = WaterfallCell.swift; sourceTree = "<group>"; };
		2EC348E726D259BC00CAA637 /* zh-Hans */ = {isa = PBXFileReference; lastKnownFileType = text.plist.strings; name = "zh-Hans"; path = "zh-Hans.lproj/Main.strings"; sourceTree = "<group>"; };
		2EC348E826D259BD00CAA637 /* zh-Hans */ = {isa = PBXFileReference; lastKnownFileType = text.plist.strings; name = "zh-Hans"; path = "zh-Hans.lproj/LaunchScreen.strings"; sourceTree = "<group>"; };
		2EC348F526D2991200CAA637 /* zh-Hans */ = {isa = PBXFileReference; lastKnownFileType = text.plist.strings; name = "zh-Hans"; path = "zh-Hans.lproj/Localizable.strings"; sourceTree = "<group>"; };
		2EC348F726D29D5300CAA637 /* en */ = {isa = PBXFileReference; lastKnownFileType = text.plist.strings; name = en; path = en.lproj/Localizable.strings; sourceTree = "<group>"; };
		2EC348FB26D29DA200CAA637 /* zh-Hans */ = {isa = PBXFileReference; lastKnownFileType = text.plist.strings; name = "zh-Hans"; path = "zh-Hans.lproj/InfoPlist.strings"; sourceTree = "<group>"; };
		2EC348FE26D2AF6700CAA637 /* TabBarC.swift */ = {isa = PBXFileReference; lastKnownFileType = sourcecode.swift; path = TabBarC.swift; sourceTree = "<group>"; };
		2EC3490026D2B19200CAA637 /* PostVC.swift */ = {isa = PBXFileReference; lastKnownFileType = sourcecode.swift; path = PostVC.swift; sourceTree = "<group>"; };
		2EC3490226D3723E00CAA637 /* Extensions.swift */ = {isa = PBXFileReference; lastKnownFileType = sourcecode.swift; path = Extensions.swift; sourceTree = "<group>"; };
		2EC3490526D3D8A400CAA637 /* Clousures.playground */ = {isa = PBXFileReference; lastKnownFileType = file.playground; path = Clousures.playground; sourceTree = "<group>"; xcLanguageSpecificationIdentifier = xcode.lang.swift; };
		2EC3490626D514BF00CAA637 /* Value+Reference.playground */ = {isa = PBXFileReference; lastKnownFileType = file.playground; path = "Value+Reference.playground"; sourceTree = "<group>"; xcLanguageSpecificationIdentifier = xcode.lang.swift; };
		2EC3490726D6863D00CAA637 /* NoteEditVC.swift */ = {isa = PBXFileReference; lastKnownFileType = sourcecode.swift; path = NoteEditVC.swift; sourceTree = "<group>"; };
		2EC3490926D7AE4600CAA637 /* PhotoCell.swift */ = {isa = PBXFileReference; lastKnownFileType = sourcecode.swift; path = PhotoCell.swift; sourceTree = "<group>"; };
		2EC3490B26D7EB6300CAA637 /* CreateCollectionViewByCode.playground */ = {isa = PBXFileReference; lastKnownFileType = file.playground; path = CreateCollectionViewByCode.playground; sourceTree = "<group>"; xcLanguageSpecificationIdentifier = xcode.lang.swift; };
		2EC3490C26D9040800CAA637 /* PhotoFooter.swift */ = {isa = PBXFileReference; lastKnownFileType = sourcecode.swift; path = PhotoFooter.swift; sourceTree = "<group>"; };
		2EC3490F26DA146600CAA637 /* Guava-Bridging-Header.h */ = {isa = PBXFileReference; lastKnownFileType = sourcecode.c.h; path = "Guava-Bridging-Header.h"; sourceTree = "<group>"; };
		2EC3491026DA7A1800CAA637 /* testVideo.mp4 */ = {isa = PBXFileReference; lastKnownFileType = file; path = testVideo.mp4; sourceTree = "<group>"; };
		2EC3491226DA837B00CAA637 /* NoteEditVC-DragDrop.swift */ = {isa = PBXFileReference; lastKnownFileType = sourcecode.swift; path = "NoteEditVC-DragDrop.swift"; sourceTree = "<group>"; };
		D83220223EB8DECDFA4C3E95 /* Pods-Guava.debug.xcconfig */ = {isa = PBXFileReference; includeInIndex = 1; lastKnownFileType = text.xcconfig; name = "Pods-Guava.debug.xcconfig"; path = "Target Support Files/Pods-Guava/Pods-Guava.debug.xcconfig"; sourceTree = "<group>"; };
		F88842F55AA7CA6BB058A467 /* Pods_Guava.framework */ = {isa = PBXFileReference; explicitFileType = wrapper.framework; includeInIndex = 0; path = Pods_Guava.framework; sourceTree = BUILT_PRODUCTS_DIR; };
/* End PBXFileReference section */

/* Begin PBXFrameworksBuildPhase section */
		2E17C5A626CF956200AE335F /* Frameworks */ = {
			isa = PBXFrameworksBuildPhase;
			buildActionMask = 2147483647;
			files = (
				6BBCA0A7FAC2BEB1B5843C81 /* Pods_Guava.framework in Frameworks */,
			);
			runOnlyForDeploymentPostprocessing = 0;
		};
/* End PBXFrameworksBuildPhase section */

/* Begin PBXGroup section */
		2E17C5A026CF956200AE335F = {
			isa = PBXGroup;
			children = (
				2E17C5C326D0938D00AE335F /* Diary.MD */,
				2E17C5AB26CF956200AE335F /* Guava */,
				2E17C5AA26CF956200AE335F /* Products */,
				DA7BFB8CB5278BC6E2EB5BBE /* Pods */,
				43E32712890A0F449EDC7CCD /* Frameworks */,
			);
			sourceTree = "<group>";
		};
		2E17C5AA26CF956200AE335F /* Products */ = {
			isa = PBXGroup;
			children = (
				2E17C5A926CF956200AE335F /* Guava.app */,
			);
			name = Products;
			sourceTree = "<group>";
		};
		2E17C5AB26CF956200AE335F /* Guava */ = {
			isa = PBXGroup;
			children = (
				2E17C5AC26CF956200AE335F /* AppDelegate.swift */,
				2E17C5AE26CF956200AE335F /* SceneDelegate.swift */,
				2E17C5B226CF956200AE335F /* Main.storyboard */,
				2EC348FE26D2AF6700CAA637 /* TabBarC.swift */,
				2EC3490E26D933D300CAA637 /* NoteEdit */,
				2EC348E026D1139200CAA637 /* Home */,
				2EC348E526D2560700CAA637 /* Waterfall */,
				2EC348E626D2561300CAA637 /* Common */,
				2E17C5B826CF956400AE335F /* Assets.xcassets */,
				2EC348FD26D2A1A200CAA637 /* Resources */,
				2E17C5BA26CF956400AE335F /* LaunchScreen.storyboard */,
				2EC3490426D38B9D00CAA637 /* Demos+Placeholder */,
				2E17C5BD26CF956400AE335F /* Info.plist */,
				2E17C5B526CF956200AE335F /* Guava.xcdatamodeld */,
				2EC3490F26DA146600CAA637 /* Guava-Bridging-Header.h */,
				2EC3491026DA7A1800CAA637 /* testVideo.mp4 */,
			);
			path = Guava;
			sourceTree = "<group>";
		};
		2EC348E026D1139200CAA637 /* Home */ = {
			isa = PBXGroup;
			children = (
				2EC348D426D0D75700CAA637 /* HomeVC.swift */,
				2EC348D826D109D500CAA637 /* FollowVC.swift */,
				2EC348DA26D10A0500CAA637 /* DiscoveryVC.swift */,
				2EC348DC26D10A3C00CAA637 /* NearByVC.swift */,
			);
			path = Home;
			sourceTree = "<group>";
		};
		2EC348E526D2560700CAA637 /* Waterfall */ = {
			isa = PBXGroup;
			children = (
				2EC348E126D2242F00CAA637 /* WaterfallVC.swift */,
				2EC348E326D22C1000CAA637 /* WaterfallCell.swift */,
			);
			path = Waterfall;
			sourceTree = "<group>";
		};
		2EC348E626D2561300CAA637 /* Common */ = {
			isa = PBXGroup;
			children = (
				2EC348DE26D1120F00CAA637 /* Constants.swift */,
				2EC3490226D3723E00CAA637 /* Extensions.swift */,
			);
			path = Common;
			sourceTree = "<group>";
		};
		2EC348FD26D2A1A200CAA637 /* Resources */ = {
			isa = PBXGroup;
			children = (
				2EC348F426D2991200CAA637 /* Localizable.strings */,
				2EC348FC26D29DA200CAA637 /* InfoPlist.strings */,
			);
			path = Resources;
			sourceTree = "<group>";
		};
		2EC3490426D38B9D00CAA637 /* Demos+Placeholder */ = {
			isa = PBXGroup;
			children = (
				2EC3490026D2B19200CAA637 /* PostVC.swift */,
				2EC3490B26D7EB6300CAA637 /* CreateCollectionViewByCode.playground */,
				2EC3490626D514BF00CAA637 /* Value+Reference.playground */,
				2EC3490526D3D8A400CAA637 /* Clousures.playground */,
			);
			path = "Demos+Placeholder";
			sourceTree = "<group>";
		};
		2EC3490E26D933D300CAA637 /* NoteEdit */ = {
			isa = PBXGroup;
			children = (
				2EC3490726D6863D00CAA637 /* NoteEditVC.swift */,
				2EC3491226DA837B00CAA637 /* NoteEditVC-DragDrop.swift */,
				2EC3490926D7AE4600CAA637 /* PhotoCell.swift */,
				2EC3490C26D9040800CAA637 /* PhotoFooter.swift */,
			);
			path = NoteEdit;
			sourceTree = "<group>";
		};
		43E32712890A0F449EDC7CCD /* Frameworks */ = {
			isa = PBXGroup;
			children = (
				F88842F55AA7CA6BB058A467 /* Pods_Guava.framework */,
			);
			name = Frameworks;
			sourceTree = "<group>";
		};
		DA7BFB8CB5278BC6E2EB5BBE /* Pods */ = {
			isa = PBXGroup;
			children = (
				D83220223EB8DECDFA4C3E95 /* Pods-Guava.debug.xcconfig */,
				0281AB15334B50D2665EDC1E /* Pods-Guava.release.xcconfig */,
			);
			path = Pods;
			sourceTree = "<group>";
		};
/* End PBXGroup section */

/* Begin PBXNativeTarget section */
		2E17C5A826CF956200AE335F /* Guava */ = {
			isa = PBXNativeTarget;
			buildConfigurationList = 2E17C5C026CF956400AE335F /* Build configuration list for PBXNativeTarget "Guava" */;
			buildPhases = (
				D9C2335AE27451AEF2BB0150 /* [CP] Check Pods Manifest.lock */,
				2E17C5A526CF956200AE335F /* Sources */,
				2E17C5A626CF956200AE335F /* Frameworks */,
				2E17C5A726CF956200AE335F /* Resources */,
				3B0B4D0A904E09DDFF1FB681 /* [CP] Embed Pods Frameworks */,
			);
			buildRules = (
			);
			dependencies = (
			);
			name = Guava;
			productName = Guava;
			productReference = 2E17C5A926CF956200AE335F /* Guava.app */;
			productType = "com.apple.product-type.application";
		};
/* End PBXNativeTarget section */

/* Begin PBXProject section */
		2E17C5A126CF956200AE335F /* Project object */ = {
			isa = PBXProject;
			attributes = {
				LastSwiftUpdateCheck = 1250;
				LastUpgradeCheck = 1250;
				TargetAttributes = {
					2E17C5A826CF956200AE335F = {
						CreatedOnToolsVersion = 12.5.1;
					};
				};
			};
			buildConfigurationList = 2E17C5A426CF956200AE335F /* Build configuration list for PBXProject "Guava" */;
			compatibilityVersion = "Xcode 9.3";
			developmentRegion = en;
			hasScannedForEncodings = 0;
			knownRegions = (
				en,
				Base,
				"zh-Hans",
			);
			mainGroup = 2E17C5A026CF956200AE335F;
			productRefGroup = 2E17C5AA26CF956200AE335F /* Products */;
			projectDirPath = "";
			projectRoot = "";
			targets = (
				2E17C5A826CF956200AE335F /* Guava */,
			);
		};
/* End PBXProject section */

/* Begin PBXResourcesBuildPhase section */
		2E17C5A726CF956200AE335F /* Resources */ = {
			isa = PBXResourcesBuildPhase;
			buildActionMask = 2147483647;
			files = (
				2EC348F626D2991200CAA637 /* Localizable.strings in Resources */,
				2EC348FA26D29DA200CAA637 /* InfoPlist.strings in Resources */,
				2E17C5C426D0938D00AE335F /* Diary.MD in Resources */,
				2EC3491126DA7B8000CAA637 /* testVideo.mp4 in Resources */,
				2E17C5BC26CF956400AE335F /* LaunchScreen.storyboard in Resources */,
				2E17C5B926CF956400AE335F /* Assets.xcassets in Resources */,
				2E17C5B426CF956200AE335F /* Main.storyboard in Resources */,
			);
			runOnlyForDeploymentPostprocessing = 0;
		};
/* End PBXResourcesBuildPhase section */

/* Begin PBXShellScriptBuildPhase section */
		3B0B4D0A904E09DDFF1FB681 /* [CP] Embed Pods Frameworks */ = {
			isa = PBXShellScriptBuildPhase;
			buildActionMask = 2147483647;
			files = (
			);
			inputFileListPaths = (
				"${PODS_ROOT}/Target Support Files/Pods-Guava/Pods-Guava-frameworks-${CONFIGURATION}-input-files.xcfilelist",
			);
			name = "[CP] Embed Pods Frameworks";
			outputFileListPaths = (
				"${PODS_ROOT}/Target Support Files/Pods-Guava/Pods-Guava-frameworks-${CONFIGURATION}-output-files.xcfilelist",
			);
			runOnlyForDeploymentPostprocessing = 0;
			shellPath = /bin/sh;
			shellScript = "\"${PODS_ROOT}/Target Support Files/Pods-Guava/Pods-Guava-frameworks.sh\"\n";
			showEnvVarsInLog = 0;
		};
		D9C2335AE27451AEF2BB0150 /* [CP] Check Pods Manifest.lock */ = {
			isa = PBXShellScriptBuildPhase;
			buildActionMask = 2147483647;
			files = (
			);
			inputFileListPaths = (
			);
			inputPaths = (
				"${PODS_PODFILE_DIR_PATH}/Podfile.lock",
				"${PODS_ROOT}/Manifest.lock",
			);
			name = "[CP] Check Pods Manifest.lock";
			outputFileListPaths = (
			);
			outputPaths = (
				"$(DERIVED_FILE_DIR)/Pods-Guava-checkManifestLockResult.txt",
			);
			runOnlyForDeploymentPostprocessing = 0;
			shellPath = /bin/sh;
			shellScript = "diff \"${PODS_PODFILE_DIR_PATH}/Podfile.lock\" \"${PODS_ROOT}/Manifest.lock\" > /dev/null\nif [ $? != 0 ] ; then\n    # print error to STDERR\n    echo \"error: The sandbox is not in sync with the Podfile.lock. Run 'pod install' or update your CocoaPods installation.\" >&2\n    exit 1\nfi\n# This output is used by Xcode 'outputs' to avoid re-running this script phase.\necho \"SUCCESS\" > \"${SCRIPT_OUTPUT_FILE_0}\"\n";
			showEnvVarsInLog = 0;
		};
/* End PBXShellScriptBuildPhase section */

/* Begin PBXSourcesBuildPhase section */
		2E17C5A526CF956200AE335F /* Sources */ = {
			isa = PBXSourcesBuildPhase;
			buildActionMask = 2147483647;
			files = (
				2EC3491326DA837B00CAA637 /* NoteEditVC-DragDrop.swift in Sources */,
				2EC348DD26D10A3C00CAA637 /* NearByVC.swift in Sources */,
				2EC3490A26D7AE4600CAA637 /* PhotoCell.swift in Sources */,
				2EC348FF26D2AF6700CAA637 /* TabBarC.swift in Sources */,
				2EC348E226D2242F00CAA637 /* WaterfallVC.swift in Sources */,
				2EC348E426D22C1000CAA637 /* WaterfallCell.swift in Sources */,
				2EC3490D26D9040800CAA637 /* PhotoFooter.swift in Sources */,
				2EC3490826D6863E00CAA637 /* NoteEditVC.swift in Sources */,
				2E17C5AD26CF956200AE335F /* AppDelegate.swift in Sources */,
				2EC348D526D0D75700CAA637 /* HomeVC.swift in Sources */,
				2EC3490126D2B19200CAA637 /* PostVC.swift in Sources */,
				2EC348D926D109D500CAA637 /* FollowVC.swift in Sources */,
				2EC3490326D3723E00CAA637 /* Extensions.swift in Sources */,
				2E17C5B726CF956200AE335F /* Guava.xcdatamodeld in Sources */,
				2E17C5AF26CF956200AE335F /* SceneDelegate.swift in Sources */,
				2EC348DB26D10A0500CAA637 /* DiscoveryVC.swift in Sources */,
				2EC348DF26D1120F00CAA637 /* Constants.swift in Sources */,
			);
			runOnlyForDeploymentPostprocessing = 0;
		};
/* End PBXSourcesBuildPhase section */

/* Begin PBXVariantGroup section */
		2E17C5B226CF956200AE335F /* Main.storyboard */ = {
			isa = PBXVariantGroup;
			children = (
				2E17C5B326CF956200AE335F /* Base */,
				2EC348E726D259BC00CAA637 /* zh-Hans */,
			);
			name = Main.storyboard;
			sourceTree = "<group>";
		};
		2E17C5BA26CF956400AE335F /* LaunchScreen.storyboard */ = {
			isa = PBXVariantGroup;
			children = (
				2E17C5BB26CF956400AE335F /* Base */,
				2EC348E826D259BD00CAA637 /* zh-Hans */,
			);
			name = LaunchScreen.storyboard;
			sourceTree = "<group>";
		};
		2EC348F426D2991200CAA637 /* Localizable.strings */ = {
			isa = PBXVariantGroup;
			children = (
				2EC348F526D2991200CAA637 /* zh-Hans */,
				2EC348F726D29D5300CAA637 /* en */,
			);
			name = Localizable.strings;
			sourceTree = "<group>";
		};
		2EC348FC26D29DA200CAA637 /* InfoPlist.strings */ = {
			isa = PBXVariantGroup;
			children = (
				2EC348FB26D29DA200CAA637 /* zh-Hans */,
			);
			name = InfoPlist.strings;
			sourceTree = "<group>";
		};
/* End PBXVariantGroup section */

/* Begin XCBuildConfiguration section */
		2E17C5BE26CF956400AE335F /* Debug */ = {
			isa = XCBuildConfiguration;
			buildSettings = {
				ALWAYS_SEARCH_USER_PATHS = NO;
				CLANG_ANALYZER_LOCALIZABILITY_NONLOCALIZED = YES;
				CLANG_ANALYZER_NONNULL = YES;
				CLANG_ANALYZER_NUMBER_OBJECT_CONVERSION = YES_AGGRESSIVE;
				CLANG_CXX_LANGUAGE_STANDARD = "gnu++14";
				CLANG_CXX_LIBRARY = "libc++";
				CLANG_ENABLE_MODULES = YES;
				CLANG_ENABLE_OBJC_ARC = YES;
				CLANG_ENABLE_OBJC_WEAK = YES;
				CLANG_WARN_BLOCK_CAPTURE_AUTORELEASING = YES;
				CLANG_WARN_BOOL_CONVERSION = YES;
				CLANG_WARN_COMMA = YES;
				CLANG_WARN_CONSTANT_CONVERSION = YES;
				CLANG_WARN_DEPRECATED_OBJC_IMPLEMENTATIONS = YES;
				CLANG_WARN_DIRECT_OBJC_ISA_USAGE = YES_ERROR;
				CLANG_WARN_DOCUMENTATION_COMMENTS = YES;
				CLANG_WARN_EMPTY_BODY = YES;
				CLANG_WARN_ENUM_CONVERSION = YES;
				CLANG_WARN_INFINITE_RECURSION = YES;
				CLANG_WARN_INT_CONVERSION = YES;
				CLANG_WARN_NON_LITERAL_NULL_CONVERSION = YES;
				CLANG_WARN_OBJC_IMPLICIT_RETAIN_SELF = YES;
				CLANG_WARN_OBJC_LITERAL_CONVERSION = YES;
				CLANG_WARN_OBJC_ROOT_CLASS = YES_ERROR;
				CLANG_WARN_QUOTED_INCLUDE_IN_FRAMEWORK_HEADER = YES;
				CLANG_WARN_RANGE_LOOP_ANALYSIS = YES;
				CLANG_WARN_STRICT_PROTOTYPES = YES;
				CLANG_WARN_SUSPICIOUS_MOVE = YES;
				CLANG_WARN_UNGUARDED_AVAILABILITY = YES_AGGRESSIVE;
				CLANG_WARN_UNREACHABLE_CODE = YES;
				CLANG_WARN__DUPLICATE_METHOD_MATCH = YES;
				COPY_PHASE_STRIP = NO;
				DEBUG_INFORMATION_FORMAT = dwarf;
				ENABLE_STRICT_OBJC_MSGSEND = YES;
				ENABLE_TESTABILITY = YES;
				GCC_C_LANGUAGE_STANDARD = gnu11;
				GCC_DYNAMIC_NO_PIC = NO;
				GCC_NO_COMMON_BLOCKS = YES;
				GCC_OPTIMIZATION_LEVEL = 0;
				GCC_PREPROCESSOR_DEFINITIONS = (
					"DEBUG=1",
					"$(inherited)",
				);
				GCC_WARN_64_TO_32_BIT_CONVERSION = YES;
				GCC_WARN_ABOUT_RETURN_TYPE = YES_ERROR;
				GCC_WARN_UNDECLARED_SELECTOR = YES;
				GCC_WARN_UNINITIALIZED_AUTOS = YES_AGGRESSIVE;
				GCC_WARN_UNUSED_FUNCTION = YES;
				GCC_WARN_UNUSED_VARIABLE = YES;
				IPHONEOS_DEPLOYMENT_TARGET = 14.5;
				MTL_ENABLE_DEBUG_INFO = INCLUDE_SOURCE;
				MTL_FAST_MATH = YES;
				ONLY_ACTIVE_ARCH = YES;
				SDKROOT = iphoneos;
				SWIFT_ACTIVE_COMPILATION_CONDITIONS = DEBUG;
				SWIFT_OPTIMIZATION_LEVEL = "-Onone";
			};
			name = Debug;
		};
		2E17C5BF26CF956400AE335F /* Release */ = {
			isa = XCBuildConfiguration;
			buildSettings = {
				ALWAYS_SEARCH_USER_PATHS = NO;
				CLANG_ANALYZER_LOCALIZABILITY_NONLOCALIZED = YES;
				CLANG_ANALYZER_NONNULL = YES;
				CLANG_ANALYZER_NUMBER_OBJECT_CONVERSION = YES_AGGRESSIVE;
				CLANG_CXX_LANGUAGE_STANDARD = "gnu++14";
				CLANG_CXX_LIBRARY = "libc++";
				CLANG_ENABLE_MODULES = YES;
				CLANG_ENABLE_OBJC_ARC = YES;
				CLANG_ENABLE_OBJC_WEAK = YES;
				CLANG_WARN_BLOCK_CAPTURE_AUTORELEASING = YES;
				CLANG_WARN_BOOL_CONVERSION = YES;
				CLANG_WARN_COMMA = YES;
				CLANG_WARN_CONSTANT_CONVERSION = YES;
				CLANG_WARN_DEPRECATED_OBJC_IMPLEMENTATIONS = YES;
				CLANG_WARN_DIRECT_OBJC_ISA_USAGE = YES_ERROR;
				CLANG_WARN_DOCUMENTATION_COMMENTS = YES;
				CLANG_WARN_EMPTY_BODY = YES;
				CLANG_WARN_ENUM_CONVERSION = YES;
				CLANG_WARN_INFINITE_RECURSION = YES;
				CLANG_WARN_INT_CONVERSION = YES;
				CLANG_WARN_NON_LITERAL_NULL_CONVERSION = YES;
				CLANG_WARN_OBJC_IMPLICIT_RETAIN_SELF = YES;
				CLANG_WARN_OBJC_LITERAL_CONVERSION = YES;
				CLANG_WARN_OBJC_ROOT_CLASS = YES_ERROR;
				CLANG_WARN_QUOTED_INCLUDE_IN_FRAMEWORK_HEADER = YES;
				CLANG_WARN_RANGE_LOOP_ANALYSIS = YES;
				CLANG_WARN_STRICT_PROTOTYPES = YES;
				CLANG_WARN_SUSPICIOUS_MOVE = YES;
				CLANG_WARN_UNGUARDED_AVAILABILITY = YES_AGGRESSIVE;
				CLANG_WARN_UNREACHABLE_CODE = YES;
				CLANG_WARN__DUPLICATE_METHOD_MATCH = YES;
				COPY_PHASE_STRIP = NO;
				DEBUG_INFORMATION_FORMAT = "dwarf-with-dsym";
				ENABLE_NS_ASSERTIONS = NO;
				ENABLE_STRICT_OBJC_MSGSEND = YES;
				GCC_C_LANGUAGE_STANDARD = gnu11;
				GCC_NO_COMMON_BLOCKS = YES;
				GCC_WARN_64_TO_32_BIT_CONVERSION = YES;
				GCC_WARN_ABOUT_RETURN_TYPE = YES_ERROR;
				GCC_WARN_UNDECLARED_SELECTOR = YES;
				GCC_WARN_UNINITIALIZED_AUTOS = YES_AGGRESSIVE;
				GCC_WARN_UNUSED_FUNCTION = YES;
				GCC_WARN_UNUSED_VARIABLE = YES;
				IPHONEOS_DEPLOYMENT_TARGET = 14.5;
				MTL_ENABLE_DEBUG_INFO = NO;
				MTL_FAST_MATH = YES;
				SDKROOT = iphoneos;
				SWIFT_COMPILATION_MODE = wholemodule;
				SWIFT_OPTIMIZATION_LEVEL = "-O";
				VALIDATE_PRODUCT = YES;
			};
			name = Release;
		};
		2E17C5C126CF956400AE335F /* Debug */ = {
			isa = XCBuildConfiguration;
			baseConfigurationReference = D83220223EB8DECDFA4C3E95 /* Pods-Guava.debug.xcconfig */;
			buildSettings = {
				ASSETCATALOG_COMPILER_APPICON_NAME = AppIcon;
				ASSETCATALOG_COMPILER_GLOBAL_ACCENT_COLOR_NAME = AccentColor;
				CODE_SIGN_STYLE = Automatic;
				DEVELOPMENT_TEAM = 9H359LVLVZ;
				INFOPLIST_FILE = Guava/Info.plist;
				LD_RUNPATH_SEARCH_PATHS = (
					"$(inherited)",
					"@executable_path/Frameworks",
				);
				PRODUCT_BUNDLE_IDENTIFIER = com.dylansun.Guava;
				PRODUCT_NAME = "$(TARGET_NAME)";
				SWIFT_OBJC_BRIDGING_HEADER = "Guava/Guava-Bridging-Header.h";
				SWIFT_VERSION = 5.0;
				TARGETED_DEVICE_FAMILY = 1;
			};
			name = Debug;
		};
		2E17C5C226CF956400AE335F /* Release */ = {
			isa = XCBuildConfiguration;
			baseConfigurationReference = 0281AB15334B50D2665EDC1E /* Pods-Guava.release.xcconfig */;
			buildSettings = {
				ASSETCATALOG_COMPILER_APPICON_NAME = AppIcon;
				ASSETCATALOG_COMPILER_GLOBAL_ACCENT_COLOR_NAME = AccentColor;
				CODE_SIGN_STYLE = Automatic;
				DEVELOPMENT_TEAM = 9H359LVLVZ;
				INFOPLIST_FILE = Guava/Info.plist;
				LD_RUNPATH_SEARCH_PATHS = (
					"$(inherited)",
					"@executable_path/Frameworks",
				);
				PRODUCT_BUNDLE_IDENTIFIER = com.dylansun.Guava;
				PRODUCT_NAME = "$(TARGET_NAME)";
				SWIFT_OBJC_BRIDGING_HEADER = "Guava/Guava-Bridging-Header.h";
				SWIFT_VERSION = 5.0;
				TARGETED_DEVICE_FAMILY = 1;
			};
			name = Release;
		};
/* End XCBuildConfiguration section */

/* Begin XCConfigurationList section */
		2E17C5A426CF956200AE335F /* Build configuration list for PBXProject "Guava" */ = {
			isa = XCConfigurationList;
			buildConfigurations = (
				2E17C5BE26CF956400AE335F /* Debug */,
				2E17C5BF26CF956400AE335F /* Release */,
			);
			defaultConfigurationIsVisible = 0;
			defaultConfigurationName = Release;
		};
		2E17C5C026CF956400AE335F /* Build configuration list for PBXNativeTarget "Guava" */ = {
			isa = XCConfigurationList;
			buildConfigurations = (
				2E17C5C126CF956400AE335F /* Debug */,
				2E17C5C226CF956400AE335F /* Release */,
			);
			defaultConfigurationIsVisible = 0;
			defaultConfigurationName = Release;
		};
/* End XCConfigurationList section */

/* Begin XCVersionGroup section */
		2E17C5B526CF956200AE335F /* Guava.xcdatamodeld */ = {
			isa = XCVersionGroup;
			children = (
				2E17C5B626CF956200AE335F /* Guava.xcdatamodel */,
			);
			currentVersion = 2E17C5B626CF956200AE335F /* Guava.xcdatamodel */;
			path = Guava.xcdatamodeld;
			sourceTree = "<group>";
			versionGroupType = wrapper.xcdatamodel;
		};
/* End XCVersionGroup section */
	};
	rootObject = 2E17C5A126CF956200AE335F /* Project object */;
}
